
Microsoft Visual Studio Solution File, Format Version 12.00
# Visual Studio 15
VisualStudioVersion = 15.0.28010.2046
MinimumVisualStudioVersion = 10.0.40219.1
Project("{9A19103F-16F7-4668-BE54-9A1E7A4F7556}") = "RecrutimentApp", "RecrutimentApp\RecrutimentApp.csproj", "{10EACF7A-3503-4531-9CD1-FBA6CA68DD6B}"
EndProject
Global
	GlobalSection(SolutionConfigurationPlatforms) = preSolution
		Debug|Any CPU = Debug|Any CPU
		Release|Any CPU = Release|Any CPU
	EndGlobalSection
	GlobalSection(ProjectConfigurationPlatforms) = postSolution
		{10EACF7A-3503-4531-9CD1-FBA6CA68DD6B}.Debug|Any CPU.ActiveCfg = Debug|Any CPU
		{10EACF7A-3503-4531-9CD1-FBA6CA68DD6B}.Debug|Any CPU.Build.0 = Debug|Any CPU
		{10EACF7A-3503-4531-9CD1-FBA6CA68DD6B}.Release|Any CPU.ActiveCfg = Release|Any CPU
		{10EACF7A-3503-4531-9CD1-FBA6CA68DD6B}.Release|Any CPU.Build.0 = Release|Any CPU
	EndGlobalSection
	GlobalSection(SolutionProperties) = preSolution
		HideSolutionNode = FALSE
	EndGlobalSection
	GlobalSection(ExtensibilityGlobals) = postSolution
		SolutionGuid = {D19102B3-2BEC-4617-AEB9-78B6E55955A6}
	EndGlobalSection
EndGlobal
